
Microsoft Visual Studio Solution File, Format Version 12.00
# Visual Studio Version 16
VisualStudioVersion = 16.0.30225.117
MinimumVisualStudioVersion = 10.0.40219.1
Project("{FAE04EC0-301F-11D3-BF4B-00C04F79EFBC}") = "MagicBag", "MagicBag\MagicBag.csproj", "{80BEB0AA-B5DF-4183-B164-EBC23E904897}"
EndProject
Project("{FAE04EC0-301F-11D3-BF4B-00C04F79EFBC}") = "MagicBag.Data", "MagicBag.Data\MagicBag.Data.csproj", "{63F267B9-1A93-43E9-898B-72A24ACC3FB1}"
EndProject
Global
	GlobalSection(SolutionConfigurationPlatforms) = preSolution
		Debug|Any CPU = Debug|Any CPU
		Release|Any CPU = Release|Any CPU
	EndGlobalSection
	GlobalSection(ProjectConfigurationPlatforms) = postSolution
		{80BEB0AA-B5DF-4183-B164-EBC23E904897}.Debug|Any CPU.ActiveCfg = Debug|Any CPU
		{80BEB0AA-B5DF-4183-B164-EBC23E904897}.Debug|Any CPU.Build.0 = Debug|Any CPU
		{80BEB0AA-B5DF-4183-B164-EBC23E904897}.Release|Any CPU.ActiveCfg = Release|Any CPU
		{80BEB0AA-B5DF-4183-B164-EBC23E904897}.Release|Any CPU.Build.0 = Release|Any CPU
		{63F267B9-1A93-43E9-898B-72A24ACC3FB1}.Debug|Any CPU.ActiveCfg = Debug|Any CPU
		{63F267B9-1A93-43E9-898B-72A24ACC3FB1}.Debug|Any CPU.Build.0 = Debug|Any CPU
		{63F267B9-1A93-43E9-898B-72A24ACC3FB1}.Release|Any CPU.ActiveCfg = Release|Any CPU
		{63F267B9-1A93-43E9-898B-72A24ACC3FB1}.Release|Any CPU.Build.0 = Release|Any CPU
	EndGlobalSection
	GlobalSection(SolutionProperties) = preSolution
		HideSolutionNode = FALSE
	EndGlobalSection
	GlobalSection(ExtensibilityGlobals) = postSolution
		SolutionGuid = {43613CD1-73CA-40A2-90D5-5B3B84A33B27}
	EndGlobalSection
EndGlobal
